// !$*UTF8*$!
{
	archiveVersion = 1;
	classes = {
	};
	objectVersion = 55;
	objects = {

/* Begin PBXBuildFile section */
		393F75E727BADDCF00F49866 /* main.cpp in Sources */ = {isa = PBXBuildFile; fileRef = 393F75E627BADDCF00F49866 /* main.cpp */; };
		393F75F827BADDE400F49866 /* main.cpp in Sources */ = {isa = PBXBuildFile; fileRef = 393F75F627BADDE400F49866 /* main.cpp */; };
/* End PBXBuildFile section */

/* Begin PBXCopyFilesBuildPhase section */
		393F75E127BADDCF00F49866 /* CopyFiles */ = {
			isa = PBXCopyFilesBuildPhase;
			buildActionMask = 2147483647;
			dstPath = /usr/share/man/man1/;
			dstSubfolderSpec = 0;
			files = (
			);
			runOnlyForDeploymentPostprocessing = 1;
		};
/* End PBXCopyFilesBuildPhase section */

/* Begin PBXFileReference section */
		393F75E327BADDCF00F49866 /* Assignment 5 - AI for HexGame */ = {isa = PBXFileReference; explicitFileType = "compiled.mach-o.executable"; includeInIndex = 0; path = "Assignment 5 - AI for HexGame"; sourceTree = BUILT_PRODUCTS_DIR; };
		393F75E627BADDCF00F49866 /* main.cpp */ = {isa = PBXFileReference; lastKnownFileType = sourcecode.cpp.cpp; path = main.cpp; sourceTree = "<group>"; };
		393F75ED27BADDE400F49866 /* HexGameByPatrickMiron_assign4.txt */ = {isa = PBXFileReference; fileEncoding = 4; lastKnownFileType = text; path = HexGameByPatrickMiron_assign4.txt; sourceTree = "<group>"; };
		393F75EE27BADDE400F49866 /* Node.hpp */ = {isa = PBXFileReference; fileEncoding = 4; lastKnownFileType = sourcecode.cpp.h; path = Node.hpp; sourceTree = "<group>"; };
		393F75EF27BADDE400F49866 /* HexGameGraph.hpp */ = {isa = PBXFileReference; fileEncoding = 4; lastKnownFileType = sourcecode.cpp.h; path = HexGameGraph.hpp; sourceTree = "<group>"; };
		393F75F027BADDE400F49866 /* HexNode.hpp */ = {isa = PBXFileReference; fileEncoding = 4; lastKnownFileType = sourcecode.cpp.h; path = HexNode.hpp; sourceTree = "<group>"; };
		393F75F127BADDE400F49866 /* HexGame.hpp */ = {isa = PBXFileReference; fileEncoding = 4; lastKnownFileType = sourcecode.cpp.h; path = HexGame.hpp; sourceTree = "<group>"; };
		393F75F227BADDE400F49866 /* PriorityQueue.hpp */ = {isa = PBXFileReference; fileEncoding = 4; lastKnownFileType = sourcecode.cpp.h; path = PriorityQueue.hpp; sourceTree = "<group>"; };
		393F75F327BADDE400F49866 /* Edge.hpp */ = {isa = PBXFileReference; fileEncoding = 4; lastKnownFileType = sourcecode.cpp.h; path = Edge.hpp; sourceTree = "<group>"; };
		393F75F427BADDE400F49866 /* Graph.hpp */ = {isa = PBXFileReference; fileEncoding = 4; lastKnownFileType = sourcecode.cpp.h; path = Graph.hpp; sourceTree = "<group>"; };
		393F75F527BADDE400F49866 /* Path.hpp */ = {isa = PBXFileReference; fileEncoding = 4; lastKnownFileType = sourcecode.cpp.h; path = Path.hpp; sourceTree = "<group>"; };
		393F75F627BADDE400F49866 /* main.cpp */ = {isa = PBXFileReference; fileEncoding = 4; lastKnownFileType = sourcecode.cpp.cpp; name = main.cpp; path = "../../Part B - Assignment 4 - Hex Game/HexGame/Part B - Assignment 4 - Hex Game/main.cpp"; sourceTree = "<group>"; };
		393F75F727BADDE400F49866 /* MST.hpp */ = {isa = PBXFileReference; fileEncoding = 4; lastKnownFileType = sourcecode.cpp.h; path = MST.hpp; sourceTree = "<group>"; };
		393F75F927BAEC6400F49866 /* AI Monte Carlo Algorithm Diagram.drawio */ = {isa = PBXFileReference; lastKnownFileType = file; path = "AI Monte Carlo Algorithm Diagram.drawio"; sourceTree = SOURCE_ROOT; };
/* End PBXFileReference section */

/* Begin PBXFrameworksBuildPhase section */
		393F75E027BADDCF00F49866 /* Frameworks */ = {
			isa = PBXFrameworksBuildPhase;
			buildActionMask = 2147483647;
			files = (
			);
			runOnlyForDeploymentPostprocessing = 0;
		};
/* End PBXFrameworksBuildPhase section */

/* Begin PBXGroup section */
		393F75DA27BADDCF00F49866 = {
			isa = PBXGroup;
			children = (
				393F75E527BADDCF00F49866 /* Assignment 5 - AI for HexGame */,
				393F75E427BADDCF00F49866 /* Products */,
			);
			sourceTree = "<group>";
		};
		393F75E427BADDCF00F49866 /* Products */ = {
			isa = PBXGroup;
			children = (
				393F75E327BADDCF00F49866 /* Assignment 5 - AI for HexGame */,
			);
			name = Products;
			sourceTree = "<group>";
		};
		393F75E527BADDCF00F49866 /* Assignment 5 - AI for HexGame */ = {
			isa = PBXGroup;
			children = (
				393F75F327BADDE400F49866 /* Edge.hpp */,
				393F75F427BADDE400F49866 /* Graph.hpp */,
				393F75F127BADDE400F49866 /* HexGame.hpp */,
				393F75ED27BADDE400F49866 /* HexGameByPatrickMiron_assign4.txt */,
				393F75EF27BADDE400F49866 /* HexGameGraph.hpp */,
				393F75F027BADDE400F49866 /* HexNode.hpp */,
				393F75F627BADDE400F49866 /* main.cpp */,
				393F75F927BAEC6400F49866 /* AI Monte Carlo Algorithm Diagram.drawio */,
				393F75F727BADDE400F49866 /* MST.hpp */,
				393F75EE27BADDE400F49866 /* Node.hpp */,
				393F75F527BADDE400F49866 /* Path.hpp */,
				393F75F227BADDE400F49866 /* PriorityQueue.hpp */,
				393F75E627BADDCF00F49866 /* main.cpp */,
			);
			path = "Assignment 5 - AI for HexGame";
			sourceTree = "<group>";
		};
/* End PBXGroup section */

/* Begin PBXNativeTarget section */
		393F75E227BADDCF00F49866 /* Assignment 5 - AI for HexGame */ = {
			isa = PBXNativeTarget;
			buildConfigurationList = 393F75EA27BADDCF00F49866 /* Build configuration list for PBXNativeTarget "Assignment 5 - AI for HexGame" */;
			buildPhases = (
				393F75DF27BADDCF00F49866 /* Sources */,
				393F75E027BADDCF00F49866 /* Frameworks */,
				393F75E127BADDCF00F49866 /* CopyFiles */,
			);
			buildRules = (
			);
			dependencies = (
			);
			name = "Assignment 5 - AI for HexGame";
			productName = "Assignment 5 - AI for HexGame";
			productReference = 393F75E327BADDCF00F49866 /* Assignment 5 - AI for HexGame */;
			productType = "com.apple.product-type.tool";
		};
/* End PBXNativeTarget section */

/* Begin PBXProject section */
		393F75DB27BADDCF00F49866 /* Project object */ = {
			isa = PBXProject;
			attributes = {
				BuildIndependentTargetsInParallel = 1;
				LastUpgradeCheck = 1320;
				TargetAttributes = {
					393F75E227BADDCF00F49866 = {
						CreatedOnToolsVersion = 13.2.1;
					};
				};
			};
			buildConfigurationList = 393F75DE27BADDCF00F49866 /* Build configuration list for PBXProject "Assignment 5 - AI for HexGame" */;
			compatibilityVersion = "Xcode 13.0";
			developmentRegion = en;
			hasScannedForEncodings = 0;
			knownRegions = (
				en,
				Base,
			);
			mainGroup = 393F75DA27BADDCF00F49866;
			productRefGroup = 393F75E427BADDCF00F49866 /* Products */;
			projectDirPath = "";
			projectRoot = "";
			targets = (
				393F75E227BADDCF00F49866 /* Assignment 5 - AI for HexGame */,
			);
		};
/* End PBXProject section */

/* Begin PBXSourcesBuildPhase section */
		393F75DF27BADDCF00F49866 /* Sources */ = {
			isa = PBXSourcesBuildPhase;
			buildActionMask = 2147483647;
			files = (
				393F75F827BADDE400F49866 /* main.cpp in Sources */,
				393F75E727BADDCF00F49866 /* main.cpp in Sources */,
			);
			runOnlyForDeploymentPostprocessing = 0;
		};
/* End PBXSourcesBuildPhase section */

/* Begin XCBuildConfiguration section */
		393F75E827BADDCF00F49866 /* Debug */ = {
			isa = XCBuildConfiguration;
			buildSettings = {
				ALWAYS_SEARCH_USER_PATHS = NO;
				CLANG_ANALYZER_NONNULL = YES;
				CLANG_ANALYZER_NUMBER_OBJECT_CONVERSION = YES_AGGRESSIVE;
				CLANG_CXX_LANGUAGE_STANDARD = "gnu++17";
				CLANG_CXX_LIBRARY = "libc++";
				CLANG_ENABLE_MODULES = YES;
				CLANG_ENABLE_OBJC_ARC = YES;
				CLANG_ENABLE_OBJC_WEAK = YES;
				CLANG_WARN_BLOCK_CAPTURE_AUTORELEASING = YES;
				CLANG_WARN_BOOL_CONVERSION = YES;
				CLANG_WARN_COMMA = YES;
				CLANG_WARN_CONSTANT_CONVERSION = YES;
				CLANG_WARN_DEPRECATED_OBJC_IMPLEMENTATIONS = YES;
				CLANG_WARN_DIRECT_OBJC_ISA_USAGE = YES_ERROR;
				CLANG_WARN_DOCUMENTATION_COMMENTS = YES;
				CLANG_WARN_EMPTY_BODY = YES;
				CLANG_WARN_ENUM_CONVERSION = YES;
				CLANG_WARN_INFINITE_RECURSION = YES;
				CLANG_WARN_INT_CONVERSION = YES;
				CLANG_WARN_NON_LITERAL_NULL_CONVERSION = YES;
				CLANG_WARN_OBJC_IMPLICIT_RETAIN_SELF = YES;
				CLANG_WARN_OBJC_LITERAL_CONVERSION = YES;
				CLANG_WARN_OBJC_ROOT_CLASS = YES_ERROR;
				CLANG_WARN_QUOTED_INCLUDE_IN_FRAMEWORK_HEADER = YES;
				CLANG_WARN_RANGE_LOOP_ANALYSIS = YES;
				CLANG_WARN_STRICT_PROTOTYPES = YES;
				CLANG_WARN_SUSPICIOUS_MOVE = YES;
				CLANG_WARN_UNGUARDED_AVAILABILITY = YES_AGGRESSIVE;
				CLANG_WARN_UNREACHABLE_CODE = YES;
				CLANG_WARN__DUPLICATE_METHOD_MATCH = YES;
				COPY_PHASE_STRIP = NO;
				DEBUG_INFORMATION_FORMAT = dwarf;
				ENABLE_STRICT_OBJC_MSGSEND = YES;
				ENABLE_TESTABILITY = YES;
				GCC_C_LANGUAGE_STANDARD = gnu11;
				GCC_DYNAMIC_NO_PIC = NO;
				GCC_NO_COMMON_BLOCKS = YES;
				GCC_OPTIMIZATION_LEVEL = 0;
				GCC_PREPROCESSOR_DEFINITIONS = (
					"DEBUG=1",
					"$(inherited)",
				);
				GCC_WARN_64_TO_32_BIT_CONVERSION = YES;
				GCC_WARN_ABOUT_RETURN_TYPE = YES_ERROR;
				GCC_WARN_UNDECLARED_SELECTOR = YES;
				GCC_WARN_UNINITIALIZED_AUTOS = YES_AGGRESSIVE;
				GCC_WARN_UNUSED_FUNCTION = YES;
				GCC_WARN_UNUSED_VARIABLE = YES;
				MACOSX_DEPLOYMENT_TARGET = 12.1;
				MTL_ENABLE_DEBUG_INFO = INCLUDE_SOURCE;
				MTL_FAST_MATH = YES;
				ONLY_ACTIVE_ARCH = YES;
				SDKROOT = macosx;
			};
			name = Debug;
		};
		393F75E927BADDCF00F49866 /* Release */ = {
			isa = XCBuildConfiguration;
			buildSettings = {
				ALWAYS_SEARCH_USER_PATHS = NO;
				CLANG_ANALYZER_NONNULL = YES;
				CLANG_ANALYZER_NUMBER_OBJECT_CONVERSION = YES_AGGRESSIVE;
				CLANG_CXX_LANGUAGE_STANDARD = "gnu++17";
				CLANG_CXX_LIBRARY = "libc++";
				CLANG_ENABLE_MODULES = YES;
				CLANG_ENABLE_OBJC_ARC = YES;
				CLANG_ENABLE_OBJC_WEAK = YES;
				CLANG_WARN_BLOCK_CAPTURE_AUTORELEASING = YES;
				CLANG_WARN_BOOL_CONVERSION = YES;
				CLANG_WARN_COMMA = YES;
				CLANG_WARN_CONSTANT_CONVERSION = YES;
				CLANG_WARN_DEPRECATED_OBJC_IMPLEMENTATIONS = YES;
				CLANG_WARN_DIRECT_OBJC_ISA_USAGE = YES_ERROR;
				CLANG_WARN_DOCUMENTATION_COMMENTS = YES;
				CLANG_WARN_EMPTY_BODY = YES;
				CLANG_WARN_ENUM_CONVERSION = YES;
				CLANG_WARN_INFINITE_RECURSION = YES;
				CLANG_WARN_INT_CONVERSION = YES;
				CLANG_WARN_NON_LITERAL_NULL_CONVERSION = YES;
				CLANG_WARN_OBJC_IMPLICIT_RETAIN_SELF = YES;
				CLANG_WARN_OBJC_LITERAL_CONVERSION = YES;
				CLANG_WARN_OBJC_ROOT_CLASS = YES_ERROR;
				CLANG_WARN_QUOTED_INCLUDE_IN_FRAMEWORK_HEADER = YES;
				CLANG_WARN_RANGE_LOOP_ANALYSIS = YES;
				CLANG_WARN_STRICT_PROTOTYPES = YES;
				CLANG_WARN_SUSPICIOUS_MOVE = YES;
				CLANG_WARN_UNGUARDED_AVAILABILITY = YES_AGGRESSIVE;
				CLANG_WARN_UNREACHABLE_CODE = YES;
				CLANG_WARN__DUPLICATE_METHOD_MATCH = YES;
				COPY_PHASE_STRIP = NO;
				DEBUG_INFORMATION_FORMAT = "dwarf-with-dsym";
				ENABLE_NS_ASSERTIONS = NO;
				ENABLE_STRICT_OBJC_MSGSEND = YES;
				GCC_C_LANGUAGE_STANDARD = gnu11;
				GCC_NO_COMMON_BLOCKS = YES;
				GCC_WARN_64_TO_32_BIT_CONVERSION = YES;
				GCC_WARN_ABOUT_RETURN_TYPE = YES_ERROR;
				GCC_WARN_UNDECLARED_SELECTOR = YES;
				GCC_WARN_UNINITIALIZED_AUTOS = YES_AGGRESSIVE;
				GCC_WARN_UNUSED_FUNCTION = YES;
				GCC_WARN_UNUSED_VARIABLE = YES;
				MACOSX_DEPLOYMENT_TARGET = 12.1;
				MTL_ENABLE_DEBUG_INFO = NO;
				MTL_FAST_MATH = YES;
				SDKROOT = macosx;
			};
			name = Release;
		};
		393F75EB27BADDCF00F49866 /* Debug */ = {
			isa = XCBuildConfiguration;
			buildSettings = {
				CODE_SIGN_STYLE = Automatic;
				DEVELOPMENT_TEAM = 3R9FJ228NZ;
				ENABLE_HARDENED_RUNTIME = YES;
				PRODUCT_NAME = "$(TARGET_NAME)";
			};
			name = Debug;
		};
		393F75EC27BADDCF00F49866 /* Release */ = {
			isa = XCBuildConfiguration;
			buildSettings = {
				CODE_SIGN_STYLE = Automatic;
				DEVELOPMENT_TEAM = 3R9FJ228NZ;
				ENABLE_HARDENED_RUNTIME = YES;
				PRODUCT_NAME = "$(TARGET_NAME)";
			};
			name = Release;
		};
/* End XCBuildConfiguration section */

/* Begin XCConfigurationList section */
		393F75DE27BADDCF00F49866 /* Build configuration list for PBXProject "Assignment 5 - AI for HexGame" */ = {
			isa = XCConfigurationList;
			buildConfigurations = (
				393F75E827BADDCF00F49866 /* Debug */,
				393F75E927BADDCF00F49866 /* Release */,
			);
			defaultConfigurationIsVisible = 0;
			defaultConfigurationName = Release;
		};
		393F75EA27BADDCF00F49866 /* Build configuration list for PBXNativeTarget "Assignment 5 - AI for HexGame" */ = {
			isa = XCConfigurationList;
			buildConfigurations = (
				393F75EB27BADDCF00F49866 /* Debug */,
				393F75EC27BADDCF00F49866 /* Release */,
			);
			defaultConfigurationIsVisible = 0;
			defaultConfigurationName = Release;
		};
/* End XCConfigurationList section */
	};
	rootObject = 393F75DB27BADDCF00F49866 /* Project object */;
}
