// !$*UTF8*$!
{
	archiveVersion = 1;
	classes = {
	};
	objectVersion = 55;
	objects = {

/* Begin PBXBuildFile section */
		397C139327CD78DD001AE1C2 /* main.cpp in Sources */ = {isa = PBXBuildFile; fileRef = 397C138127CD78DC001AE1C2 /* main.cpp */; };
		397C139427CD78DD001AE1C2 /* Player.cpp in Sources */ = {isa = PBXBuildFile; fileRef = 397C138227CD78DC001AE1C2 /* Player.cpp */; };
		397C139527CD78DD001AE1C2 /* HexGameGraph.cpp in Sources */ = {isa = PBXBuildFile; fileRef = 397C138527CD78DD001AE1C2 /* HexGameGraph.cpp */; };
		397C139627CD78DD001AE1C2 /* AIPlayer.cpp in Sources */ = {isa = PBXBuildFile; fileRef = 397C138F27CD78DD001AE1C2 /* AIPlayer.cpp */; };
		397C139727CD78DD001AE1C2 /* HexGame.cpp in Sources */ = {isa = PBXBuildFile; fileRef = 397C139127CD78DD001AE1C2 /* HexGame.cpp */; };
/* End PBXBuildFile section */

/* Begin PBXCopyFilesBuildPhase section */
		393F75E127BADDCF00F49866 /* CopyFiles */ = {
			isa = PBXCopyFilesBuildPhase;
			buildActionMask = 2147483647;
			dstPath = /usr/share/man/man1/;
			dstSubfolderSpec = 0;
			files = (
			);
			runOnlyForDeploymentPostprocessing = 1;
		};
/* End PBXCopyFilesBuildPhase section */

/* Begin PBXFileReference section */
		393F75E327BADDCF00F49866 /* HexGame */ = {isa = PBXFileReference; explicitFileType = "compiled.mach-o.executable"; includeInIndex = 0; path = HexGame; sourceTree = BUILT_PRODUCTS_DIR; };
		397C137F27CD78DC001AE1C2 /* HexNodeState.hpp */ = {isa = PBXFileReference; fileEncoding = 4; lastKnownFileType = sourcecode.cpp.h; path = HexNodeState.hpp; sourceTree = "<group>"; };
		397C138027CD78DC001AE1C2 /* HexNode.hpp */ = {isa = PBXFileReference; fileEncoding = 4; lastKnownFileType = sourcecode.cpp.h; path = HexNode.hpp; sourceTree = "<group>"; };
		397C138127CD78DC001AE1C2 /* main.cpp */ = {isa = PBXFileReference; fileEncoding = 4; lastKnownFileType = sourcecode.cpp.cpp; path = main.cpp; sourceTree = "<group>"; };
		397C138227CD78DC001AE1C2 /* Player.cpp */ = {isa = PBXFileReference; fileEncoding = 4; lastKnownFileType = sourcecode.cpp.cpp; path = Player.cpp; sourceTree = "<group>"; };
		397C138327CD78DD001AE1C2 /* HexGameByPatrickMiron_FinalAssignmt.txt */ = {isa = PBXFileReference; fileEncoding = 4; lastKnownFileType = text; path = HexGameByPatrickMiron_FinalAssignmt.txt; sourceTree = "<group>"; };
		397C138427CD78DD001AE1C2 /* Edge.hpp */ = {isa = PBXFileReference; fileEncoding = 4; lastKnownFileType = sourcecode.cpp.h; path = Edge.hpp; sourceTree = "<group>"; };
		397C138527CD78DD001AE1C2 /* HexGameGraph.cpp */ = {isa = PBXFileReference; fileEncoding = 4; lastKnownFileType = sourcecode.cpp.cpp; path = HexGameGraph.cpp; sourceTree = "<group>"; };
		397C138627CD78DD001AE1C2 /* Path.hpp */ = {isa = PBXFileReference; fileEncoding = 4; lastKnownFileType = sourcecode.cpp.h; path = Path.hpp; sourceTree = "<group>"; };
		397C138727CD78DD001AE1C2 /* PriorityQueue.hpp */ = {isa = PBXFileReference; fileEncoding = 4; lastKnownFileType = sourcecode.cpp.h; path = PriorityQueue.hpp; sourceTree = "<group>"; };
		397C138827CD78DD001AE1C2 /* HexGameGraph.hpp */ = {isa = PBXFileReference; fileEncoding = 4; lastKnownFileType = sourcecode.cpp.h; path = HexGameGraph.hpp; sourceTree = "<group>"; };
		397C138927CD78DD001AE1C2 /* Player.hpp */ = {isa = PBXFileReference; fileEncoding = 4; lastKnownFileType = sourcecode.cpp.h; path = Player.hpp; sourceTree = "<group>"; };
		397C138A27CD78DD001AE1C2 /* Node.hpp */ = {isa = PBXFileReference; fileEncoding = 4; lastKnownFileType = sourcecode.cpp.h; path = Node.hpp; sourceTree = "<group>"; };
		397C138B27CD78DD001AE1C2 /* HexGameHelperFunctions.hpp */ = {isa = PBXFileReference; fileEncoding = 4; lastKnownFileType = sourcecode.cpp.h; path = HexGameHelperFunctions.hpp; sourceTree = "<group>"; };
		397C138C27CD78DD001AE1C2 /* Graph.hpp */ = {isa = PBXFileReference; fileEncoding = 4; lastKnownFileType = sourcecode.cpp.h; path = Graph.hpp; sourceTree = "<group>"; };
		397C138D27CD78DD001AE1C2 /* HexGame.hpp */ = {isa = PBXFileReference; fileEncoding = 4; lastKnownFileType = sourcecode.cpp.h; path = HexGame.hpp; sourceTree = "<group>"; };
		397C138E27CD78DD001AE1C2 /* AIPlayer.hpp */ = {isa = PBXFileReference; fileEncoding = 4; lastKnownFileType = sourcecode.cpp.h; path = AIPlayer.hpp; sourceTree = "<group>"; };
		397C138F27CD78DD001AE1C2 /* AIPlayer.cpp */ = {isa = PBXFileReference; fileEncoding = 4; lastKnownFileType = sourcecode.cpp.cpp; path = AIPlayer.cpp; sourceTree = "<group>"; };
		397C139027CD78DD001AE1C2 /* MST.hpp */ = {isa = PBXFileReference; fileEncoding = 4; lastKnownFileType = sourcecode.cpp.h; path = MST.hpp; sourceTree = "<group>"; };
		397C139127CD78DD001AE1C2 /* HexGame.cpp */ = {isa = PBXFileReference; fileEncoding = 4; lastKnownFileType = sourcecode.cpp.cpp; path = HexGame.cpp; sourceTree = "<group>"; };
		397C139227CD78DD001AE1C2 /* PlayerType.hpp */ = {isa = PBXFileReference; fileEncoding = 4; lastKnownFileType = sourcecode.cpp.h; path = PlayerType.hpp; sourceTree = "<group>"; };
/* End PBXFileReference section */

/* Begin PBXFrameworksBuildPhase section */
		393F75E027BADDCF00F49866 /* Frameworks */ = {
			isa = PBXFrameworksBuildPhase;
			buildActionMask = 2147483647;
			files = (
			);
			runOnlyForDeploymentPostprocessing = 0;
		};
/* End PBXFrameworksBuildPhase section */

/* Begin PBXGroup section */
		393F75DA27BADDCF00F49866 = {
			isa = PBXGroup;
			children = (
				393F75E527BADDCF00F49866 /* HexGame */,
				393F75E427BADDCF00F49866 /* Products */,
			);
			sourceTree = "<group>";
		};
		393F75E427BADDCF00F49866 /* Products */ = {
			isa = PBXGroup;
			children = (
				393F75E327BADDCF00F49866 /* HexGame */,
			);
			name = Products;
			sourceTree = "<group>";
		};
		393F75E527BADDCF00F49866 /* HexGame */ = {
			isa = PBXGroup;
			children = (
				397C138F27CD78DD001AE1C2 /* AIPlayer.cpp */,
				397C138E27CD78DD001AE1C2 /* AIPlayer.hpp */,
				397C138427CD78DD001AE1C2 /* Edge.hpp */,
				397C138C27CD78DD001AE1C2 /* Graph.hpp */,
				397C139127CD78DD001AE1C2 /* HexGame.cpp */,
				397C138D27CD78DD001AE1C2 /* HexGame.hpp */,
				397C138327CD78DD001AE1C2 /* HexGameByPatrickMiron_FinalAssignmt.txt */,
				397C138527CD78DD001AE1C2 /* HexGameGraph.cpp */,
				397C138827CD78DD001AE1C2 /* HexGameGraph.hpp */,
				397C138B27CD78DD001AE1C2 /* HexGameHelperFunctions.hpp */,
				397C138027CD78DC001AE1C2 /* HexNode.hpp */,
				397C137F27CD78DC001AE1C2 /* HexNodeState.hpp */,
				397C138127CD78DC001AE1C2 /* main.cpp */,
				397C139027CD78DD001AE1C2 /* MST.hpp */,
				397C138A27CD78DD001AE1C2 /* Node.hpp */,
				397C138627CD78DD001AE1C2 /* Path.hpp */,
				397C138227CD78DC001AE1C2 /* Player.cpp */,
				397C138927CD78DD001AE1C2 /* Player.hpp */,
				397C139227CD78DD001AE1C2 /* PlayerType.hpp */,
				397C138727CD78DD001AE1C2 /* PriorityQueue.hpp */,
			);
			path = HexGame;
			sourceTree = "<group>";
		};
/* End PBXGroup section */

/* Begin PBXNativeTarget section */
		393F75E227BADDCF00F49866 /* HexGame */ = {
			isa = PBXNativeTarget;
			buildConfigurationList = 393F75EA27BADDCF00F49866 /* Build configuration list for PBXNativeTarget "HexGame" */;
			buildPhases = (
				393F75DF27BADDCF00F49866 /* Sources */,
				393F75E027BADDCF00F49866 /* Frameworks */,
				393F75E127BADDCF00F49866 /* CopyFiles */,
			);
			buildRules = (
			);
			dependencies = (
			);
			name = HexGame;
			productName = "Assignment 5 - AI for HexGame";
			productReference = 393F75E327BADDCF00F49866 /* HexGame */;
			productType = "com.apple.product-type.tool";
		};
/* End PBXNativeTarget section */

/* Begin PBXProject section */
		393F75DB27BADDCF00F49866 /* Project object */ = {
			isa = PBXProject;
			attributes = {
				BuildIndependentTargetsInParallel = 1;
				LastUpgradeCheck = 1320;
				TargetAttributes = {
					393F75E227BADDCF00F49866 = {
						CreatedOnToolsVersion = 13.2.1;
					};
				};
			};
			buildConfigurationList = 393F75DE27BADDCF00F49866 /* Build configuration list for PBXProject "HexGame" */;
			compatibilityVersion = "Xcode 13.0";
			developmentRegion = en;
			hasScannedForEncodings = 0;
			knownRegions = (
				en,
				Base,
			);
			mainGroup = 393F75DA27BADDCF00F49866;
			productRefGroup = 393F75E427BADDCF00F49866 /* Products */;
			projectDirPath = "";
			projectRoot = "";
			targets = (
				393F75E227BADDCF00F49866 /* HexGame */,
			);
		};
/* End PBXProject section */

/* Begin PBXSourcesBuildPhase section */
		393F75DF27BADDCF00F49866 /* Sources */ = {
			isa = PBXSourcesBuildPhase;
			buildActionMask = 2147483647;
			files = (
				397C139627CD78DD001AE1C2 /* AIPlayer.cpp in Sources */,
				397C139727CD78DD001AE1C2 /* HexGame.cpp in Sources */,
				397C139427CD78DD001AE1C2 /* Player.cpp in Sources */,
				397C139527CD78DD001AE1C2 /* HexGameGraph.cpp in Sources */,
				397C139327CD78DD001AE1C2 /* main.cpp in Sources */,
			);
			runOnlyForDeploymentPostprocessing = 0;
		};
/* End PBXSourcesBuildPhase section */

/* Begin XCBuildConfiguration section */
		393F75E827BADDCF00F49866 /* Debug */ = {
			isa = XCBuildConfiguration;
			buildSettings = {
				ALWAYS_SEARCH_USER_PATHS = NO;
				CLANG_ANALYZER_NONNULL = YES;
				CLANG_ANALYZER_NUMBER_OBJECT_CONVERSION = YES_AGGRESSIVE;
				CLANG_CXX_LANGUAGE_STANDARD = "gnu++17";
				CLANG_CXX_LIBRARY = "libc++";
				CLANG_ENABLE_MODULES = YES;
				CLANG_ENABLE_OBJC_ARC = YES;
				CLANG_ENABLE_OBJC_WEAK = YES;
				CLANG_WARN_BLOCK_CAPTURE_AUTORELEASING = YES;
				CLANG_WARN_BOOL_CONVERSION = YES;
				CLANG_WARN_COMMA = YES;
				CLANG_WARN_CONSTANT_CONVERSION = YES;
				CLANG_WARN_DEPRECATED_OBJC_IMPLEMENTATIONS = YES;
				CLANG_WARN_DIRECT_OBJC_ISA_USAGE = YES_ERROR;
				CLANG_WARN_DOCUMENTATION_COMMENTS = YES;
				CLANG_WARN_EMPTY_BODY = YES;
				CLANG_WARN_ENUM_CONVERSION = YES;
				CLANG_WARN_INFINITE_RECURSION = YES;
				CLANG_WARN_INT_CONVERSION = YES;
				CLANG_WARN_NON_LITERAL_NULL_CONVERSION = YES;
				CLANG_WARN_OBJC_IMPLICIT_RETAIN_SELF = YES;
				CLANG_WARN_OBJC_LITERAL_CONVERSION = YES;
				CLANG_WARN_OBJC_ROOT_CLASS = YES_ERROR;
				CLANG_WARN_QUOTED_INCLUDE_IN_FRAMEWORK_HEADER = YES;
				CLANG_WARN_RANGE_LOOP_ANALYSIS = YES;
				CLANG_WARN_STRICT_PROTOTYPES = YES;
				CLANG_WARN_SUSPICIOUS_MOVE = YES;
				CLANG_WARN_UNGUARDED_AVAILABILITY = YES_AGGRESSIVE;
				CLANG_WARN_UNREACHABLE_CODE = YES;
				CLANG_WARN__DUPLICATE_METHOD_MATCH = YES;
				COPY_PHASE_STRIP = NO;
				DEBUG_INFORMATION_FORMAT = dwarf;
				ENABLE_STRICT_OBJC_MSGSEND = YES;
				ENABLE_TESTABILITY = YES;
				GCC_C_LANGUAGE_STANDARD = gnu11;
				GCC_DYNAMIC_NO_PIC = NO;
				GCC_NO_COMMON_BLOCKS = YES;
				GCC_OPTIMIZATION_LEVEL = 0;
				GCC_PREPROCESSOR_DEFINITIONS = (
					"DEBUG=1",
					"$(inherited)",
				);
				GCC_WARN_64_TO_32_BIT_CONVERSION = YES;
				GCC_WARN_ABOUT_RETURN_TYPE = YES_ERROR;
				GCC_WARN_UNDECLARED_SELECTOR = YES;
				GCC_WARN_UNINITIALIZED_AUTOS = YES_AGGRESSIVE;
				GCC_WARN_UNUSED_FUNCTION = YES;
				GCC_WARN_UNUSED_VARIABLE = YES;
				MACOSX_DEPLOYMENT_TARGET = 12.1;
				MTL_ENABLE_DEBUG_INFO = INCLUDE_SOURCE;
				MTL_FAST_MATH = YES;
				ONLY_ACTIVE_ARCH = YES;
				SDKROOT = macosx;
			};
			name = Debug;
		};
		393F75E927BADDCF00F49866 /* Release */ = {
			isa = XCBuildConfiguration;
			buildSettings = {
				ALWAYS_SEARCH_USER_PATHS = NO;
				CLANG_ANALYZER_NONNULL = YES;
				CLANG_ANALYZER_NUMBER_OBJECT_CONVERSION = YES_AGGRESSIVE;
				CLANG_CXX_LANGUAGE_STANDARD = "gnu++17";
				CLANG_CXX_LIBRARY = "libc++";
				CLANG_ENABLE_MODULES = YES;
				CLANG_ENABLE_OBJC_ARC = YES;
				CLANG_ENABLE_OBJC_WEAK = YES;
				CLANG_WARN_BLOCK_CAPTURE_AUTORELEASING = YES;
				CLANG_WARN_BOOL_CONVERSION = YES;
				CLANG_WARN_COMMA = YES;
				CLANG_WARN_CONSTANT_CONVERSION = YES;
				CLANG_WARN_DEPRECATED_OBJC_IMPLEMENTATIONS = YES;
				CLANG_WARN_DIRECT_OBJC_ISA_USAGE = YES_ERROR;
				CLANG_WARN_DOCUMENTATION_COMMENTS = YES;
				CLANG_WARN_EMPTY_BODY = YES;
				CLANG_WARN_ENUM_CONVERSION = YES;
				CLANG_WARN_INFINITE_RECURSION = YES;
				CLANG_WARN_INT_CONVERSION = YES;
				CLANG_WARN_NON_LITERAL_NULL_CONVERSION = YES;
				CLANG_WARN_OBJC_IMPLICIT_RETAIN_SELF = YES;
				CLANG_WARN_OBJC_LITERAL_CONVERSION = YES;
				CLANG_WARN_OBJC_ROOT_CLASS = YES_ERROR;
				CLANG_WARN_QUOTED_INCLUDE_IN_FRAMEWORK_HEADER = YES;
				CLANG_WARN_RANGE_LOOP_ANALYSIS = YES;
				CLANG_WARN_STRICT_PROTOTYPES = YES;
				CLANG_WARN_SUSPICIOUS_MOVE = YES;
				CLANG_WARN_UNGUARDED_AVAILABILITY = YES_AGGRESSIVE;
				CLANG_WARN_UNREACHABLE_CODE = YES;
				CLANG_WARN__DUPLICATE_METHOD_MATCH = YES;
				COPY_PHASE_STRIP = NO;
				DEBUG_INFORMATION_FORMAT = "dwarf-with-dsym";
				ENABLE_NS_ASSERTIONS = NO;
				ENABLE_STRICT_OBJC_MSGSEND = YES;
				GCC_C_LANGUAGE_STANDARD = gnu11;
				GCC_NO_COMMON_BLOCKS = YES;
				GCC_WARN_64_TO_32_BIT_CONVERSION = YES;
				GCC_WARN_ABOUT_RETURN_TYPE = YES_ERROR;
				GCC_WARN_UNDECLARED_SELECTOR = YES;
				GCC_WARN_UNINITIALIZED_AUTOS = YES_AGGRESSIVE;
				GCC_WARN_UNUSED_FUNCTION = YES;
				GCC_WARN_UNUSED_VARIABLE = YES;
				MACOSX_DEPLOYMENT_TARGET = 12.1;
				MTL_ENABLE_DEBUG_INFO = NO;
				MTL_FAST_MATH = YES;
				SDKROOT = macosx;
			};
			name = Release;
		};
		393F75EB27BADDCF00F49866 /* Debug */ = {
			isa = XCBuildConfiguration;
			buildSettings = {
				CODE_SIGN_STYLE = Automatic;
				DEBUG_INFORMATION_FORMAT = dwarf;
				DEVELOPMENT_TEAM = 3R9FJ228NZ;
				ENABLE_HARDENED_RUNTIME = YES;
				GCC_NO_COMMON_BLOCKS = YES;
				GENERATE_MASTER_OBJECT_FILE = NO;
				ONLY_ACTIVE_ARCH = NO;
				PRODUCT_NAME = "$(TARGET_NAME)";
			};
			name = Debug;
		};
		393F75EC27BADDCF00F49866 /* Release */ = {
			isa = XCBuildConfiguration;
			buildSettings = {
				CODE_SIGN_STYLE = Automatic;
				DEVELOPMENT_TEAM = 3R9FJ228NZ;
				ENABLE_HARDENED_RUNTIME = YES;
				GCC_NO_COMMON_BLOCKS = YES;
				GENERATE_MASTER_OBJECT_FILE = NO;
				PRODUCT_NAME = "$(TARGET_NAME)";
			};
			name = Release;
		};
/* End XCBuildConfiguration section */

/* Begin XCConfigurationList section */
		393F75DE27BADDCF00F49866 /* Build configuration list for PBXProject "HexGame" */ = {
			isa = XCConfigurationList;
			buildConfigurations = (
				393F75E827BADDCF00F49866 /* Debug */,
				393F75E927BADDCF00F49866 /* Release */,
			);
			defaultConfigurationIsVisible = 0;
			defaultConfigurationName = Release;
		};
		393F75EA27BADDCF00F49866 /* Build configuration list for PBXNativeTarget "HexGame" */ = {
			isa = XCConfigurationList;
			buildConfigurations = (
				393F75EB27BADDCF00F49866 /* Debug */,
				393F75EC27BADDCF00F49866 /* Release */,
			);
			defaultConfigurationIsVisible = 0;
			defaultConfigurationName = Release;
		};
/* End XCConfigurationList section */
	};
	rootObject = 393F75DB27BADDCF00F49866 /* Project object */;
}
